
Microsoft Visual Studio Solution File, Format Version 12.00
# Visual Studio Version 16
VisualStudioVersion = 16.0.29409.12
MinimumVisualStudioVersion = 10.0.40219.1
Project("{9A19103F-16F7-4668-BE54-9A1E7A4F7556}") = "UnoBootstrapRepro.Wasm", "UnoBootstrapRepro\UnoBootstrapRepro.Wasm\UnoBootstrapRepro.Wasm.csproj", "{34C2C4CF-13B8-4B73-A2DE-05CFD69C2F41}"
EndProject
Project("{9A19103F-16F7-4668-BE54-9A1E7A4F7556}") = "ClassLib", "ClassLib\ClassLib.csproj", "{37B383F0-1FB1-4804-8109-964A5F438EAE}"
EndProject
Project("{FAE04EC0-301F-11D3-BF4B-00C04F79EFBC}") = "MonoConsole", "MonoConsole\MonoConsole.csproj", "{2AF6800A-F72C-46C4-ADD6-DAFDA6776693}"
EndProject
Global
	GlobalSection(SolutionConfigurationPlatforms) = preSolution
		Ad-Hoc|Any CPU = Ad-Hoc|Any CPU
		Ad-Hoc|ARM = Ad-Hoc|ARM
		Ad-Hoc|iPhone = Ad-Hoc|iPhone
		Ad-Hoc|iPhoneSimulator = Ad-Hoc|iPhoneSimulator
		Ad-Hoc|x64 = Ad-Hoc|x64
		Ad-Hoc|x86 = Ad-Hoc|x86
		AppStore|Any CPU = AppStore|Any CPU
		AppStore|ARM = AppStore|ARM
		AppStore|iPhone = AppStore|iPhone
		AppStore|iPhoneSimulator = AppStore|iPhoneSimulator
		AppStore|x64 = AppStore|x64
		AppStore|x86 = AppStore|x86
		Debug|Any CPU = Debug|Any CPU
		Debug|ARM = Debug|ARM
		Debug|iPhone = Debug|iPhone
		Debug|iPhoneSimulator = Debug|iPhoneSimulator
		Debug|x64 = Debug|x64
		Debug|x86 = Debug|x86
		Release|Any CPU = Release|Any CPU
		Release|ARM = Release|ARM
		Release|iPhone = Release|iPhone
		Release|iPhoneSimulator = Release|iPhoneSimulator
		Release|x64 = Release|x64
		Release|x86 = Release|x86
	EndGlobalSection
	GlobalSection(ProjectConfigurationPlatforms) = postSolution
		{34C2C4CF-13B8-4B73-A2DE-05CFD69C2F41}.Ad-Hoc|Any CPU.ActiveCfg = Debug|Any CPU
		{34C2C4CF-13B8-4B73-A2DE-05CFD69C2F41}.Ad-Hoc|Any CPU.Build.0 = Debug|Any CPU
		{34C2C4CF-13B8-4B73-A2DE-05CFD69C2F41}.Ad-Hoc|ARM.ActiveCfg = Debug|Any CPU
		{34C2C4CF-13B8-4B73-A2DE-05CFD69C2F41}.Ad-Hoc|ARM.Build.0 = Debug|Any CPU
		{34C2C4CF-13B8-4B73-A2DE-05CFD69C2F41}.Ad-Hoc|iPhone.ActiveCfg = Debug|Any CPU
		{34C2C4CF-13B8-4B73-A2DE-05CFD69C2F41}.Ad-Hoc|iPhone.Build.0 = Debug|Any CPU
		{34C2C4CF-13B8-4B73-A2DE-05CFD69C2F41}.Ad-Hoc|iPhoneSimulator.ActiveCfg = Debug|Any CPU
		{34C2C4CF-13B8-4B73-A2DE-05CFD69C2F41}.Ad-Hoc|iPhoneSimulator.Build.0 = Debug|Any CPU
		{34C2C4CF-13B8-4B73-A2DE-05CFD69C2F41}.Ad-Hoc|x64.ActiveCfg = Debug|Any CPU
		{34C2C4CF-13B8-4B73-A2DE-05CFD69C2F41}.Ad-Hoc|x64.Build.0 = Debug|Any CPU
		{34C2C4CF-13B8-4B73-A2DE-05CFD69C2F41}.Ad-Hoc|x86.ActiveCfg = Debug|Any CPU
		{34C2C4CF-13B8-4B73-A2DE-05CFD69C2F41}.Ad-Hoc|x86.Build.0 = Debug|Any CPU
		{34C2C4CF-13B8-4B73-A2DE-05CFD69C2F41}.AppStore|Any CPU.ActiveCfg = Debug|Any CPU
		{34C2C4CF-13B8-4B73-A2DE-05CFD69C2F41}.AppStore|Any CPU.Build.0 = Debug|Any CPU
		{34C2C4CF-13B8-4B73-A2DE-05CFD69C2F41}.AppStore|ARM.ActiveCfg = Debug|Any CPU
		{34C2C4CF-13B8-4B73-A2DE-05CFD69C2F41}.AppStore|ARM.Build.0 = Debug|Any CPU
		{34C2C4CF-13B8-4B73-A2DE-05CFD69C2F41}.AppStore|iPhone.ActiveCfg = Debug|Any CPU
		{34C2C4CF-13B8-4B73-A2DE-05CFD69C2F41}.AppStore|iPhone.Build.0 = Debug|Any CPU
		{34C2C4CF-13B8-4B73-A2DE-05CFD69C2F41}.AppStore|iPhoneSimulator.ActiveCfg = Debug|Any CPU
		{34C2C4CF-13B8-4B73-A2DE-05CFD69C2F41}.AppStore|iPhoneSimulator.Build.0 = Debug|Any CPU
		{34C2C4CF-13B8-4B73-A2DE-05CFD69C2F41}.AppStore|x64.ActiveCfg = Debug|Any CPU
		{34C2C4CF-13B8-4B73-A2DE-05CFD69C2F41}.AppStore|x64.Build.0 = Debug|Any CPU
		{34C2C4CF-13B8-4B73-A2DE-05CFD69C2F41}.AppStore|x86.ActiveCfg = Debug|Any CPU
		{34C2C4CF-13B8-4B73-A2DE-05CFD69C2F41}.AppStore|x86.Build.0 = Debug|Any CPU
		{34C2C4CF-13B8-4B73-A2DE-05CFD69C2F41}.Debug|Any CPU.ActiveCfg = Debug|Any CPU
		{34C2C4CF-13B8-4B73-A2DE-05CFD69C2F41}.Debug|Any CPU.Build.0 = Debug|Any CPU
		{34C2C4CF-13B8-4B73-A2DE-05CFD69C2F41}.Debug|ARM.ActiveCfg = Debug|Any CPU
		{34C2C4CF-13B8-4B73-A2DE-05CFD69C2F41}.Debug|ARM.Build.0 = Debug|Any CPU
		{34C2C4CF-13B8-4B73-A2DE-05CFD69C2F41}.Debug|iPhone.ActiveCfg = Debug|Any CPU
		{34C2C4CF-13B8-4B73-A2DE-05CFD69C2F41}.Debug|iPhone.Build.0 = Debug|Any CPU
		{34C2C4CF-13B8-4B73-A2DE-05CFD69C2F41}.Debug|iPhoneSimulator.ActiveCfg = Debug|Any CPU
		{34C2C4CF-13B8-4B73-A2DE-05CFD69C2F41}.Debug|iPhoneSimulator.Build.0 = Debug|Any CPU
		{34C2C4CF-13B8-4B73-A2DE-05CFD69C2F41}.Debug|x64.ActiveCfg = Debug|Any CPU
		{34C2C4CF-13B8-4B73-A2DE-05CFD69C2F41}.Debug|x64.Build.0 = Debug|Any CPU
		{34C2C4CF-13B8-4B73-A2DE-05CFD69C2F41}.Debug|x86.ActiveCfg = Debug|Any CPU
		{34C2C4CF-13B8-4B73-A2DE-05CFD69C2F41}.Debug|x86.Build.0 = Debug|Any CPU
		{34C2C4CF-13B8-4B73-A2DE-05CFD69C2F41}.Release|Any CPU.ActiveCfg = Release|Any CPU
		{34C2C4CF-13B8-4B73-A2DE-05CFD69C2F41}.Release|Any CPU.Build.0 = Release|Any CPU
		{34C2C4CF-13B8-4B73-A2DE-05CFD69C2F41}.Release|ARM.ActiveCfg = Release|Any CPU
		{34C2C4CF-13B8-4B73-A2DE-05CFD69C2F41}.Release|ARM.Build.0 = Release|Any CPU
		{34C2C4CF-13B8-4B73-A2DE-05CFD69C2F41}.Release|iPhone.ActiveCfg = Release|Any CPU
		{34C2C4CF-13B8-4B73-A2DE-05CFD69C2F41}.Release|iPhone.Build.0 = Release|Any CPU
		{34C2C4CF-13B8-4B73-A2DE-05CFD69C2F41}.Release|iPhoneSimulator.ActiveCfg = Release|Any CPU
		{34C2C4CF-13B8-4B73-A2DE-05CFD69C2F41}.Release|iPhoneSimulator.Build.0 = Release|Any CPU
		{34C2C4CF-13B8-4B73-A2DE-05CFD69C2F41}.Release|x64.ActiveCfg = Release|Any CPU
		{34C2C4CF-13B8-4B73-A2DE-05CFD69C2F41}.Release|x64.Build.0 = Release|Any CPU
		{34C2C4CF-13B8-4B73-A2DE-05CFD69C2F41}.Release|x86.ActiveCfg = Release|Any CPU
		{34C2C4CF-13B8-4B73-A2DE-05CFD69C2F41}.Release|x86.Build.0 = Release|Any CPU
		{37B383F0-1FB1-4804-8109-964A5F438EAE}.Ad-Hoc|Any CPU.ActiveCfg = Debug|Any CPU
		{37B383F0-1FB1-4804-8109-964A5F438EAE}.Ad-Hoc|Any CPU.Build.0 = Debug|Any CPU
		{37B383F0-1FB1-4804-8109-964A5F438EAE}.Ad-Hoc|ARM.ActiveCfg = Debug|Any CPU
		{37B383F0-1FB1-4804-8109-964A5F438EAE}.Ad-Hoc|ARM.Build.0 = Debug|Any CPU
		{37B383F0-1FB1-4804-8109-964A5F438EAE}.Ad-Hoc|iPhone.ActiveCfg = Debug|Any CPU
		{37B383F0-1FB1-4804-8109-964A5F438EAE}.Ad-Hoc|iPhone.Build.0 = Debug|Any CPU
		{37B383F0-1FB1-4804-8109-964A5F438EAE}.Ad-Hoc|iPhoneSimulator.ActiveCfg = Debug|Any CPU
		{37B383F0-1FB1-4804-8109-964A5F438EAE}.Ad-Hoc|iPhoneSimulator.Build.0 = Debug|Any CPU
		{37B383F0-1FB1-4804-8109-964A5F438EAE}.Ad-Hoc|x64.ActiveCfg = Debug|Any CPU
		{37B383F0-1FB1-4804-8109-964A5F438EAE}.Ad-Hoc|x64.Build.0 = Debug|Any CPU
		{37B383F0-1FB1-4804-8109-964A5F438EAE}.Ad-Hoc|x86.ActiveCfg = Debug|Any CPU
		{37B383F0-1FB1-4804-8109-964A5F438EAE}.Ad-Hoc|x86.Build.0 = Debug|Any CPU
		{37B383F0-1FB1-4804-8109-964A5F438EAE}.AppStore|Any CPU.ActiveCfg = Debug|Any CPU
		{37B383F0-1FB1-4804-8109-964A5F438EAE}.AppStore|Any CPU.Build.0 = Debug|Any CPU
		{37B383F0-1FB1-4804-8109-964A5F438EAE}.AppStore|ARM.ActiveCfg = Debug|Any CPU
		{37B383F0-1FB1-4804-8109-964A5F438EAE}.AppStore|ARM.Build.0 = Debug|Any CPU
		{37B383F0-1FB1-4804-8109-964A5F438EAE}.AppStore|iPhone.ActiveCfg = Debug|Any CPU
		{37B383F0-1FB1-4804-8109-964A5F438EAE}.AppStore|iPhone.Build.0 = Debug|Any CPU
		{37B383F0-1FB1-4804-8109-964A5F438EAE}.AppStore|iPhoneSimulator.ActiveCfg = Debug|Any CPU
		{37B383F0-1FB1-4804-8109-964A5F438EAE}.AppStore|iPhoneSimulator.Build.0 = Debug|Any CPU
		{37B383F0-1FB1-4804-8109-964A5F438EAE}.AppStore|x64.ActiveCfg = Debug|Any CPU
		{37B383F0-1FB1-4804-8109-964A5F438EAE}.AppStore|x64.Build.0 = Debug|Any CPU
		{37B383F0-1FB1-4804-8109-964A5F438EAE}.AppStore|x86.ActiveCfg = Debug|Any CPU
		{37B383F0-1FB1-4804-8109-964A5F438EAE}.AppStore|x86.Build.0 = Debug|Any CPU
		{37B383F0-1FB1-4804-8109-964A5F438EAE}.Debug|Any CPU.ActiveCfg = Debug|Any CPU
		{37B383F0-1FB1-4804-8109-964A5F438EAE}.Debug|Any CPU.Build.0 = Debug|Any CPU
		{37B383F0-1FB1-4804-8109-964A5F438EAE}.Debug|ARM.ActiveCfg = Debug|Any CPU
		{37B383F0-1FB1-4804-8109-964A5F438EAE}.Debug|ARM.Build.0 = Debug|Any CPU
		{37B383F0-1FB1-4804-8109-964A5F438EAE}.Debug|iPhone.ActiveCfg = Debug|Any CPU
		{37B383F0-1FB1-4804-8109-964A5F438EAE}.Debug|iPhone.Build.0 = Debug|Any CPU
		{37B383F0-1FB1-4804-8109-964A5F438EAE}.Debug|iPhoneSimulator.ActiveCfg = Debug|Any CPU
		{37B383F0-1FB1-4804-8109-964A5F438EAE}.Debug|iPhoneSimulator.Build.0 = Debug|Any CPU
		{37B383F0-1FB1-4804-8109-964A5F438EAE}.Debug|x64.ActiveCfg = Debug|Any CPU
		{37B383F0-1FB1-4804-8109-964A5F438EAE}.Debug|x64.Build.0 = Debug|Any CPU
		{37B383F0-1FB1-4804-8109-964A5F438EAE}.Debug|x86.ActiveCfg = Debug|Any CPU
		{37B383F0-1FB1-4804-8109-964A5F438EAE}.Debug|x86.Build.0 = Debug|Any CPU
		{37B383F0-1FB1-4804-8109-964A5F438EAE}.Release|Any CPU.ActiveCfg = Release|Any CPU
		{37B383F0-1FB1-4804-8109-964A5F438EAE}.Release|Any CPU.Build.0 = Release|Any CPU
		{37B383F0-1FB1-4804-8109-964A5F438EAE}.Release|ARM.ActiveCfg = Release|Any CPU
		{37B383F0-1FB1-4804-8109-964A5F438EAE}.Release|ARM.Build.0 = Release|Any CPU
		{37B383F0-1FB1-4804-8109-964A5F438EAE}.Release|iPhone.ActiveCfg = Release|Any CPU
		{37B383F0-1FB1-4804-8109-964A5F438EAE}.Release|iPhone.Build.0 = Release|Any CPU
		{37B383F0-1FB1-4804-8109-964A5F438EAE}.Release|iPhoneSimulator.ActiveCfg = Release|Any CPU
		{37B383F0-1FB1-4804-8109-964A5F438EAE}.Release|iPhoneSimulator.Build.0 = Release|Any CPU
		{37B383F0-1FB1-4804-8109-964A5F438EAE}.Release|x64.ActiveCfg = Release|Any CPU
		{37B383F0-1FB1-4804-8109-964A5F438EAE}.Release|x64.Build.0 = Release|Any CPU
		{37B383F0-1FB1-4804-8109-964A5F438EAE}.Release|x86.ActiveCfg = Release|Any CPU
		{37B383F0-1FB1-4804-8109-964A5F438EAE}.Release|x86.Build.0 = Release|Any CPU
		{2AF6800A-F72C-46C4-ADD6-DAFDA6776693}.Ad-Hoc|Any CPU.ActiveCfg = Debug|Any CPU
		{2AF6800A-F72C-46C4-ADD6-DAFDA6776693}.Ad-Hoc|Any CPU.Build.0 = Debug|Any CPU
		{2AF6800A-F72C-46C4-ADD6-DAFDA6776693}.Ad-Hoc|ARM.ActiveCfg = Debug|Any CPU
		{2AF6800A-F72C-46C4-ADD6-DAFDA6776693}.Ad-Hoc|ARM.Build.0 = Debug|Any CPU
		{2AF6800A-F72C-46C4-ADD6-DAFDA6776693}.Ad-Hoc|iPhone.ActiveCfg = Debug|Any CPU
		{2AF6800A-F72C-46C4-ADD6-DAFDA6776693}.Ad-Hoc|iPhone.Build.0 = Debug|Any CPU
		{2AF6800A-F72C-46C4-ADD6-DAFDA6776693}.Ad-Hoc|iPhoneSimulator.ActiveCfg = Debug|Any CPU
		{2AF6800A-F72C-46C4-ADD6-DAFDA6776693}.Ad-Hoc|iPhoneSimulator.Build.0 = Debug|Any CPU
		{2AF6800A-F72C-46C4-ADD6-DAFDA6776693}.Ad-Hoc|x64.ActiveCfg = Debug|Any CPU
		{2AF6800A-F72C-46C4-ADD6-DAFDA6776693}.Ad-Hoc|x64.Build.0 = Debug|Any CPU
		{2AF6800A-F72C-46C4-ADD6-DAFDA6776693}.Ad-Hoc|x86.ActiveCfg = Debug|Any CPU
		{2AF6800A-F72C-46C4-ADD6-DAFDA6776693}.Ad-Hoc|x86.Build.0 = Debug|Any CPU
		{2AF6800A-F72C-46C4-ADD6-DAFDA6776693}.AppStore|Any CPU.ActiveCfg = Debug|Any CPU
		{2AF6800A-F72C-46C4-ADD6-DAFDA6776693}.AppStore|Any CPU.Build.0 = Debug|Any CPU
		{2AF6800A-F72C-46C4-ADD6-DAFDA6776693}.AppStore|ARM.ActiveCfg = Debug|Any CPU
		{2AF6800A-F72C-46C4-ADD6-DAFDA6776693}.AppStore|ARM.Build.0 = Debug|Any CPU
		{2AF6800A-F72C-46C4-ADD6-DAFDA6776693}.AppStore|iPhone.ActiveCfg = Debug|Any CPU
		{2AF6800A-F72C-46C4-ADD6-DAFDA6776693}.AppStore|iPhone.Build.0 = Debug|Any CPU
		{2AF6800A-F72C-46C4-ADD6-DAFDA6776693}.AppStore|iPhoneSimulator.ActiveCfg = Debug|Any CPU
		{2AF6800A-F72C-46C4-ADD6-DAFDA6776693}.AppStore|iPhoneSimulator.Build.0 = Debug|Any CPU
		{2AF6800A-F72C-46C4-ADD6-DAFDA6776693}.AppStore|x64.ActiveCfg = Debug|Any CPU
		{2AF6800A-F72C-46C4-ADD6-DAFDA6776693}.AppStore|x64.Build.0 = Debug|Any CPU
		{2AF6800A-F72C-46C4-ADD6-DAFDA6776693}.AppStore|x86.ActiveCfg = Debug|Any CPU
		{2AF6800A-F72C-46C4-ADD6-DAFDA6776693}.AppStore|x86.Build.0 = Debug|Any CPU
		{2AF6800A-F72C-46C4-ADD6-DAFDA6776693}.Debug|Any CPU.ActiveCfg = Debug|Any CPU
		{2AF6800A-F72C-46C4-ADD6-DAFDA6776693}.Debug|Any CPU.Build.0 = Debug|Any CPU
		{2AF6800A-F72C-46C4-ADD6-DAFDA6776693}.Debug|ARM.ActiveCfg = Debug|Any CPU
		{2AF6800A-F72C-46C4-ADD6-DAFDA6776693}.Debug|ARM.Build.0 = Debug|Any CPU
		{2AF6800A-F72C-46C4-ADD6-DAFDA6776693}.Debug|iPhone.ActiveCfg = Debug|Any CPU
		{2AF6800A-F72C-46C4-ADD6-DAFDA6776693}.Debug|iPhone.Build.0 = Debug|Any CPU
		{2AF6800A-F72C-46C4-ADD6-DAFDA6776693}.Debug|iPhoneSimulator.ActiveCfg = Debug|Any CPU
		{2AF6800A-F72C-46C4-ADD6-DAFDA6776693}.Debug|iPhoneSimulator.Build.0 = Debug|Any CPU
		{2AF6800A-F72C-46C4-ADD6-DAFDA6776693}.Debug|x64.ActiveCfg = Debug|Any CPU
		{2AF6800A-F72C-46C4-ADD6-DAFDA6776693}.Debug|x64.Build.0 = Debug|Any CPU
		{2AF6800A-F72C-46C4-ADD6-DAFDA6776693}.Debug|x86.ActiveCfg = Debug|Any CPU
		{2AF6800A-F72C-46C4-ADD6-DAFDA6776693}.Debug|x86.Build.0 = Debug|Any CPU
		{2AF6800A-F72C-46C4-ADD6-DAFDA6776693}.Release|Any CPU.ActiveCfg = Release|Any CPU
		{2AF6800A-F72C-46C4-ADD6-DAFDA6776693}.Release|Any CPU.Build.0 = Release|Any CPU
		{2AF6800A-F72C-46C4-ADD6-DAFDA6776693}.Release|ARM.ActiveCfg = Release|Any CPU
		{2AF6800A-F72C-46C4-ADD6-DAFDA6776693}.Release|ARM.Build.0 = Release|Any CPU
		{2AF6800A-F72C-46C4-ADD6-DAFDA6776693}.Release|iPhone.ActiveCfg = Release|Any CPU
		{2AF6800A-F72C-46C4-ADD6-DAFDA6776693}.Release|iPhone.Build.0 = Release|Any CPU
		{2AF6800A-F72C-46C4-ADD6-DAFDA6776693}.Release|iPhoneSimulator.ActiveCfg = Release|Any CPU
		{2AF6800A-F72C-46C4-ADD6-DAFDA6776693}.Release|iPhoneSimulator.Build.0 = Release|Any CPU
		{2AF6800A-F72C-46C4-ADD6-DAFDA6776693}.Release|x64.ActiveCfg = Release|Any CPU
		{2AF6800A-F72C-46C4-ADD6-DAFDA6776693}.Release|x64.Build.0 = Release|Any CPU
		{2AF6800A-F72C-46C4-ADD6-DAFDA6776693}.Release|x86.ActiveCfg = Release|Any CPU
		{2AF6800A-F72C-46C4-ADD6-DAFDA6776693}.Release|x86.Build.0 = Release|Any CPU
	EndGlobalSection
	GlobalSection(SolutionProperties) = preSolution
		HideSolutionNode = FALSE
	EndGlobalSection
	GlobalSection(ExtensibilityGlobals) = postSolution
		SolutionGuid = {1B3ED12E-438D-41A2-A66C-757757B29E5E}
	EndGlobalSection
EndGlobal
